
Microsoft Visual Studio Solution File, Format Version 12.00
# Visual Studio Version 17
VisualStudioVersion = 17.5.33516.290
MinimumVisualStudioVersion = 10.0.40219.1
Project("{FAE04EC0-301F-11D3-BF4B-00C04F79EFBC}") = "DropDownList_inMVC5", "DropDownList_inMVC5\DropDownList_inMVC5.csproj", "{C9D21A31-175B-4671-8DF2-AE17B7C6436A}"
EndProject
Global
	GlobalSection(SolutionConfigurationPlatforms) = preSolution
		Debug|Any CPU = Debug|Any CPU
		Release|Any CPU = Release|Any CPU
	EndGlobalSection
	GlobalSection(ProjectConfigurationPlatforms) = postSolution
		{C9D21A31-175B-4671-8DF2-AE17B7C6436A}.Debug|Any CPU.ActiveCfg = Debug|Any CPU
		{C9D21A31-175B-4671-8DF2-AE17B7C6436A}.Debug|Any CPU.Build.0 = Debug|Any CPU
		{C9D21A31-175B-4671-8DF2-AE17B7C6436A}.Release|Any CPU.ActiveCfg = Release|Any CPU
		{C9D21A31-175B-4671-8DF2-AE17B7C6436A}.Release|Any CPU.Build.0 = Release|Any CPU
	EndGlobalSection
	GlobalSection(SolutionProperties) = preSolution
		HideSolutionNode = FALSE
	EndGlobalSection
	GlobalSection(ExtensibilityGlobals) = postSolution
		SolutionGuid = {C30982F8-F43F-4FC4-900E-021E4627C201}
	EndGlobalSection
EndGlobal
